{
  "version": 4,
  "terraform_version": "0.14.8",
  "serial": 112,
  "lineage": "c69389f8-f571-11c3-7210-086696844e39",
  "outputs": {
    "external_ip_address_vm_1": {
      "value": "178.154.213.25",
      "type": "string"
    },
    "external_ip_address_vm_2": {
      "value": "178.154.208.169",
      "type": "string"
    },
    "internal_ip_address_vm_1": {
      "value": "192.168.10.11",
      "type": "string"
    },
    "internal_ip_address_vm_2": {
      "value": "192.168.10.12",
      "type": "string"
    }
  },
  "resources": [
    {
      "mode": "managed",
      "type": "yandex_compute_instance",
      "name": "vm-1",
      "provider": "provider[\"registry.terraform.io/yandex-cloud/yandex\"]",
      "instances": [
        {
          "schema_version": 1,
          "attributes": {
            "allow_stopping_for_update": null,
            "boot_disk": [
              {
                "auto_delete": true,
                "device_name": "ef3hjd1mds79ne6dchfi",
                "disk_id": "ef3hjd1mds79ne6dchfi",
                "initialize_params": [
                  {
                    "description": "",
                    "image_id": "fd81d2d9ifd50gmvc03g",
                    "name": "",
                    "size": 10,
                    "snapshot_id": "",
                    "type": "network-hdd"
                  }
                ],
                "mode": "READ_WRITE"
              }
            ],
            "created_at": "2021-03-18T08:11:03Z",
            "description": "",
            "folder_id": "b1ghu7l81sg19dm91m06",
            "fqdn": "ef3gcs3nnpsas9juvd1i.auto.internal",
            "hostname": "ef3gcs3nnpsas9juvd1i",
            "id": "ef3gcs3nnpsas9juvd1i",
            "labels": null,
            "metadata": {
              "user-data": "#cloud-config\nusers:\n  - name: nursultan\n    groups: sudo\n    shell: /bin/bash\n    sudo: ['ALL=(ALL) NOPASSWD:ALL']\n    ssh-authorized-keys:\n      - ssh-rsa AAAAB3NzaC1yc2EAAAADAQABAAABAQCn0oqUYJapLHPFHx7eFBg/BcdQlkHixOS9rxzmC+0UXdf6TgIS3j8aggowU3+T5+hDJoJqTMpbCmMmY81RpILSM4ORKZz1ZPCyOkvw5qde1a+OrPE5AoU7ilZxsYJKcnyN4ulq6PgKR7PB7Zifb5ZkaAjtTHZ/vKahGHS2qdOyeLuyAuJ91SrCA/6nOHGeVya7iE7r7hHG8FFkZZeSoJNrJRZXkIaPw+8eztYx1h3sVxxoGe7QBK2PWcAMQLg55w1YrjqaCwDUQjk7JHHhS22lYGxvKIIzwCfjsOH+TyBDTuSu+iE33K0MKmJfT7fTjij6C68nYI5Ik/1BlkccOreh nursultan@ubuntu\n \n"
            },
            "name": "terraform1",
            "network_acceleration_type": "standard",
            "network_interface": [
              {
                "index": 0,
                "ip_address": "192.168.10.11",
                "ipv4": true,
                "ipv6": false,
                "ipv6_address": "",
                "mac_address": "d0:0d:10:67:07:7b",
                "nat": true,
                "nat_ip_address": "178.154.213.25",
                "nat_ip_version": "IPV4",
                "security_group_ids": [],
                "subnet_id": "b0crp8df52o47404h0qh"
              }
            ],
            "placement_policy": [
              {
                "placement_group_id": ""
              }
            ],
            "platform_id": "standard-v1",
            "resources": [
              {
                "core_fraction": 100,
                "cores": 4,
                "gpus": 0,
                "memory": 4
              }
            ],
            "scheduling_policy": [
              {
                "preemptible": false
              }
            ],
            "secondary_disk": [],
            "service_account_id": "",
            "status": "running",
            "timeouts": null,
            "zone": "ru-central1-c"
          },
          "sensitive_attributes": [],
          "private": "eyJlMmJmYjczMC1lY2FhLTExZTYtOGY4OC0zNDM2M2JjN2M0YzAiOnsiY3JlYXRlIjozMDAwMDAwMDAwMDAsImRlbGV0ZSI6MzAwMDAwMDAwMDAwLCJ1cGRhdGUiOjMwMDAwMDAwMDAwMH0sInNjaGVtYV92ZXJzaW9uIjoiMSJ9",
          "dependencies": [
            "yandex_vpc_network.network-1",
            "yandex_vpc_subnet.subnet-1"
          ]
        }
      ]
    },
    {
      "mode": "managed",
      "type": "yandex_compute_instance",
      "name": "vm-2",
      "provider": "provider[\"registry.terraform.io/yandex-cloud/yandex\"]",
      "instances": [
        {
          "schema_version": 1,
          "attributes": {
            "allow_stopping_for_update": null,
            "boot_disk": [
              {
                "auto_delete": true,
                "device_name": "ef3svs29g67seslf8ot4",
                "disk_id": "ef3svs29g67seslf8ot4",
                "initialize_params": [
                  {
                    "description": "",
                    "image_id": "fd81d2d9ifd50gmvc03g",
                    "name": "",
                    "size": 10,
                    "snapshot_id": "",
                    "type": "network-hdd"
                  }
                ],
                "mode": "READ_WRITE"
              }
            ],
            "created_at": "2021-03-18T08:11:03Z",
            "description": "",
            "folder_id": "b1ghu7l81sg19dm91m06",
            "fqdn": "ef33v8tjc9arafqqbmtg.auto.internal",
            "hostname": "ef33v8tjc9arafqqbmtg",
            "id": "ef33v8tjc9arafqqbmtg",
            "labels": null,
            "metadata": {
              "user-data": "#cloud-config\nusers:\n  - name: nursultan\n    groups: sudo\n    shell: /bin/bash\n    sudo: ['ALL=(ALL) NOPASSWD:ALL']\n    ssh-authorized-keys:\n      - ssh-rsa AAAAB3NzaC1yc2EAAAADAQABAAABAQCn0oqUYJapLHPFHx7eFBg/BcdQlkHixOS9rxzmC+0UXdf6TgIS3j8aggowU3+T5+hDJoJqTMpbCmMmY81RpILSM4ORKZz1ZPCyOkvw5qde1a+OrPE5AoU7ilZxsYJKcnyN4ulq6PgKR7PB7Zifb5ZkaAjtTHZ/vKahGHS2qdOyeLuyAuJ91SrCA/6nOHGeVya7iE7r7hHG8FFkZZeSoJNrJRZXkIaPw+8eztYx1h3sVxxoGe7QBK2PWcAMQLg55w1YrjqaCwDUQjk7JHHhS22lYGxvKIIzwCfjsOH+TyBDTuSu+iE33K0MKmJfT7fTjij6C68nYI5Ik/1BlkccOreh nursultan@ubuntu\n \n"
            },
            "name": "terraform2",
            "network_acceleration_type": "standard",
            "network_interface": [
              {
                "index": 0,
                "ip_address": "192.168.10.12",
                "ipv4": true,
                "ipv6": false,
                "ipv6_address": "",
                "mac_address": "d0:0d:3f:a3:b3:62",
                "nat": true,
                "nat_ip_address": "178.154.208.169",
                "nat_ip_version": "IPV4",
                "security_group_ids": [],
                "subnet_id": "b0crp8df52o47404h0qh"
              }
            ],
            "placement_policy": [
              {
                "placement_group_id": ""
              }
            ],
            "platform_id": "standard-v1",
            "resources": [
              {
                "core_fraction": 100,
                "cores": 4,
                "gpus": 0,
                "memory": 4
              }
            ],
            "scheduling_policy": [
              {
                "preemptible": false
              }
            ],
            "secondary_disk": [],
            "service_account_id": "",
            "status": "running",
            "timeouts": null,
            "zone": "ru-central1-c"
          },
          "sensitive_attributes": [],
          "private": "eyJlMmJmYjczMC1lY2FhLTExZTYtOGY4OC0zNDM2M2JjN2M0YzAiOnsiY3JlYXRlIjozMDAwMDAwMDAwMDAsImRlbGV0ZSI6MzAwMDAwMDAwMDAwLCJ1cGRhdGUiOjMwMDAwMDAwMDAwMH0sInNjaGVtYV92ZXJzaW9uIjoiMSJ9",
          "dependencies": [
            "yandex_vpc_network.network-1",
            "yandex_vpc_subnet.subnet-1"
          ]
        }
      ]
    },
    {
      "mode": "managed",
      "type": "yandex_vpc_network",
      "name": "network-1",
      "provider": "provider[\"registry.terraform.io/yandex-cloud/yandex\"]",
      "instances": [
        {
          "schema_version": 0,
          "attributes": {
            "created_at": "2021-03-18T08:11:01Z",
            "default_security_group_id": "",
            "description": "",
            "folder_id": "b1ghu7l81sg19dm91m06",
            "id": "enpphj3a0rqromdel845",
            "labels": null,
            "name": "network1",
            "subnet_ids": [],
            "timeouts": null
          },
          "sensitive_attributes": [],
          "private": "eyJlMmJmYjczMC1lY2FhLTExZTYtOGY4OC0zNDM2M2JjN2M0YzAiOnsiY3JlYXRlIjo2MDAwMDAwMDAwMCwiZGVsZXRlIjo2MDAwMDAwMDAwMCwidXBkYXRlIjo2MDAwMDAwMDAwMH19"
        }
      ]
    },
    {
      "mode": "managed",
      "type": "yandex_vpc_subnet",
      "name": "subnet-1",
      "provider": "provider[\"registry.terraform.io/yandex-cloud/yandex\"]",
      "instances": [
        {
          "schema_version": 0,
          "attributes": {
            "created_at": "2021-03-18T08:11:02Z",
            "description": "",
            "dhcp_options": [],
            "folder_id": "b1ghu7l81sg19dm91m06",
            "id": "b0crp8df52o47404h0qh",
            "labels": null,
            "name": "subnet1",
            "network_id": "enpphj3a0rqromdel845",
            "route_table_id": "",
            "timeouts": null,
            "v4_cidr_blocks": [
              "192.168.10.0/24"
            ],
            "v6_cidr_blocks": [],
            "zone": "ru-central1-c"
          },
          "sensitive_attributes": [],
          "private": "eyJlMmJmYjczMC1lY2FhLTExZTYtOGY4OC0zNDM2M2JjN2M0YzAiOnsiY3JlYXRlIjoxODAwMDAwMDAwMDAsImRlbGV0ZSI6MTgwMDAwMDAwMDAwLCJ1cGRhdGUiOjE4MDAwMDAwMDAwMH19",
          "dependencies": [
            "yandex_vpc_network.network-1"
          ]
        }
      ]
    }
  ]
}
